
Microsoft Visual Studio Solution File, Format Version 12.00
# Visual Studio Version 16
VisualStudioVersion = 16.0.33214.272
MinimumVisualStudioVersion = 10.0.40219.1
Project("{FAE04EC0-301F-11D3-BF4B-00C04F79EFBC}") = "SSRSReportViwer", "SSRSReportViwer\SSRSReportViwer.csproj", "{3533AE72-3DF4-4D62-89E0-D163DF03C8CE}"
EndProject
Global
	GlobalSection(SolutionConfigurationPlatforms) = preSolution
		Debug|Any CPU = Debug|Any CPU
		Release|Any CPU = Release|Any CPU
	EndGlobalSection
	GlobalSection(ProjectConfigurationPlatforms) = postSolution
		{3533AE72-3DF4-4D62-89E0-D163DF03C8CE}.Debug|Any CPU.ActiveCfg = Debug|Any CPU
		{3533AE72-3DF4-4D62-89E0-D163DF03C8CE}.Debug|Any CPU.Build.0 = Debug|Any CPU
		{3533AE72-3DF4-4D62-89E0-D163DF03C8CE}.Release|Any CPU.ActiveCfg = Release|Any CPU
		{3533AE72-3DF4-4D62-89E0-D163DF03C8CE}.Release|Any CPU.Build.0 = Release|Any CPU
	EndGlobalSection
	GlobalSection(SolutionProperties) = preSolution
		HideSolutionNode = FALSE
	EndGlobalSection
	GlobalSection(ExtensibilityGlobals) = postSolution
		SolutionGuid = {8E538DCB-FA5B-4A6B-A277-EFF8714E1721}
	EndGlobalSection
EndGlobal
